// !$*UTF8*$!
{
	archiveVersion = 1;
	classes = {
	};
	objectVersion = 46;
	objects = {

/* Begin PBXBuildFile section */
		045FE4C11F4FF88C00CF04BC /* DBModel.m in Sources */ = {isa = PBXBuildFile; fileRef = 045FE4C01F4FF88C00CF04BC /* DBModel.m */; };
		045FE4C51F5020CA00CF04BC /* ManagerConst.m in Sources */ = {isa = PBXBuildFile; fileRef = 045FE4C41F5020CA00CF04BC /* ManagerConst.m */; };
		04B1460E1F4EB63400EB65B2 /* main.m in Sources */ = {isa = PBXBuildFile; fileRef = 04B1460D1F4EB63400EB65B2 /* main.m */; };
		04B146111F4EB63400EB65B2 /* AppDelegate.m in Sources */ = {isa = PBXBuildFile; fileRef = 04B146101F4EB63400EB65B2 /* AppDelegate.m */; };
		04B146141F4EB63400EB65B2 /* ViewController.m in Sources */ = {isa = PBXBuildFile; fileRef = 04B146131F4EB63400EB65B2 /* ViewController.m */; };
		04B146171F4EB63400EB65B2 /* Main.storyboard in Resources */ = {isa = PBXBuildFile; fileRef = 04B146151F4EB63400EB65B2 /* Main.storyboard */; };
		04B146191F4EB63400EB65B2 /* Assets.xcassets in Resources */ = {isa = PBXBuildFile; fileRef = 04B146181F4EB63400EB65B2 /* Assets.xcassets */; };
		04B1461C1F4EB63400EB65B2 /* LaunchScreen.storyboard in Resources */ = {isa = PBXBuildFile; fileRef = 04B1461A1F4EB63400EB65B2 /* LaunchScreen.storyboard */; };
		04B146261F4EB71200EB65B2 /* FMDB_Manager.m in Sources */ = {isa = PBXBuildFile; fileRef = 04B146251F4EB71200EB65B2 /* FMDB_Manager.m */; };
		47F9BB641F9F2400002E8155 /* testModel.m in Sources */ = {isa = PBXBuildFile; fileRef = 47F9BB631F9F2400002E8155 /* testModel.m */; };
		60FA4B965FC3FB112007F71A /* libPods-FMDB_Manager.a in Frameworks */ = {isa = PBXBuildFile; fileRef = 1CF3F02AB25C8DDC212D40B1 /* libPods-FMDB_Manager.a */; };
/* End PBXBuildFile section */

/* Begin PBXFileReference section */
		0417B883403632BBA1820D91 /* Pods-FMDB_Manager.release.xcconfig */ = {isa = PBXFileReference; includeInIndex = 1; lastKnownFileType = text.xcconfig; name = "Pods-FMDB_Manager.release.xcconfig"; path = "Pods/Target Support Files/Pods-FMDB_Manager/Pods-FMDB_Manager.release.xcconfig"; sourceTree = "<group>"; };
		045FE4BF1F4FF88C00CF04BC /* DBModel.h */ = {isa = PBXFileReference; fileEncoding = 4; lastKnownFileType = sourcecode.c.h; path = DBModel.h; sourceTree = "<group>"; };
		045FE4C01F4FF88C00CF04BC /* DBModel.m */ = {isa = PBXFileReference; fileEncoding = 4; lastKnownFileType = sourcecode.c.objc; path = DBModel.m; sourceTree = "<group>"; };
		045FE4C31F5020CA00CF04BC /* ManagerConst.h */ = {isa = PBXFileReference; fileEncoding = 4; lastKnownFileType = sourcecode.c.h; path = ManagerConst.h; sourceTree = "<group>"; };
		045FE4C41F5020CA00CF04BC /* ManagerConst.m */ = {isa = PBXFileReference; fileEncoding = 4; lastKnownFileType = sourcecode.c.objc; path = ManagerConst.m; sourceTree = "<group>"; };
		04B146091F4EB63400EB65B2 /* FMDB_Manager.app */ = {isa = PBXFileReference; explicitFileType = wrapper.application; includeInIndex = 0; path = FMDB_Manager.app; sourceTree = BUILT_PRODUCTS_DIR; };
		04B1460D1F4EB63400EB65B2 /* main.m */ = {isa = PBXFileReference; lastKnownFileType = sourcecode.c.objc; path = main.m; sourceTree = "<group>"; };
		04B1460F1F4EB63400EB65B2 /* AppDelegate.h */ = {isa = PBXFileReference; lastKnownFileType = sourcecode.c.h; path = AppDelegate.h; sourceTree = "<group>"; };
		04B146101F4EB63400EB65B2 /* AppDelegate.m */ = {isa = PBXFileReference; lastKnownFileType = sourcecode.c.objc; path = AppDelegate.m; sourceTree = "<group>"; };
		04B146121F4EB63400EB65B2 /* ViewController.h */ = {isa = PBXFileReference; lastKnownFileType = sourcecode.c.h; path = ViewController.h; sourceTree = "<group>"; };
		04B146131F4EB63400EB65B2 /* ViewController.m */ = {isa = PBXFileReference; lastKnownFileType = sourcecode.c.objc; path = ViewController.m; sourceTree = "<group>"; };
		04B146161F4EB63400EB65B2 /* Base */ = {isa = PBXFileReference; lastKnownFileType = file.storyboard; name = Base; path = Base.lproj/Main.storyboard; sourceTree = "<group>"; };
		04B146181F4EB63400EB65B2 /* Assets.xcassets */ = {isa = PBXFileReference; lastKnownFileType = folder.assetcatalog; path = Assets.xcassets; sourceTree = "<group>"; };
		04B1461B1F4EB63400EB65B2 /* Base */ = {isa = PBXFileReference; lastKnownFileType = file.storyboard; name = Base; path = Base.lproj/LaunchScreen.storyboard; sourceTree = "<group>"; };
		04B1461D1F4EB63400EB65B2 /* Info.plist */ = {isa = PBXFileReference; lastKnownFileType = text.plist.xml; path = Info.plist; sourceTree = "<group>"; };
		04B146241F4EB71200EB65B2 /* FMDB_Manager.h */ = {isa = PBXFileReference; fileEncoding = 4; lastKnownFileType = sourcecode.c.h; path = FMDB_Manager.h; sourceTree = "<group>"; };
		04B146251F4EB71200EB65B2 /* FMDB_Manager.m */ = {isa = PBXFileReference; fileEncoding = 4; lastKnownFileType = sourcecode.c.objc; path = FMDB_Manager.m; sourceTree = "<group>"; };
		1CF3F02AB25C8DDC212D40B1 /* libPods-FMDB_Manager.a */ = {isa = PBXFileReference; explicitFileType = archive.ar; includeInIndex = 0; path = "libPods-FMDB_Manager.a"; sourceTree = BUILT_PRODUCTS_DIR; };
		47F269F11FA0360E003A3CB7 /* Messages.framework */ = {isa = PBXFileReference; lastKnownFileType = wrapper.framework; name = Messages.framework; path = System/Library/Frameworks/Messages.framework; sourceTree = SDKROOT; };
		47F9BB621F9F2400002E8155 /* testModel.h */ = {isa = PBXFileReference; lastKnownFileType = sourcecode.c.h; path = testModel.h; sourceTree = "<group>"; };
		47F9BB631F9F2400002E8155 /* testModel.m */ = {isa = PBXFileReference; lastKnownFileType = sourcecode.c.objc; path = testModel.m; sourceTree = "<group>"; };
		F121ED46419F0D46B04400EA /* Pods-FMDB_Manager.debug.xcconfig */ = {isa = PBXFileReference; includeInIndex = 1; lastKnownFileType = text.xcconfig; name = "Pods-FMDB_Manager.debug.xcconfig"; path = "Pods/Target Support Files/Pods-FMDB_Manager/Pods-FMDB_Manager.debug.xcconfig"; sourceTree = "<group>"; };
/* End PBXFileReference section */

/* Begin PBXFrameworksBuildPhase section */
		04B146061F4EB63400EB65B2 /* Frameworks */ = {
			isa = PBXFrameworksBuildPhase;
			buildActionMask = 2147483647;
			files = (
				60FA4B965FC3FB112007F71A /* libPods-FMDB_Manager.a in Frameworks */,
			);
			runOnlyForDeploymentPostprocessing = 0;
		};
/* End PBXFrameworksBuildPhase section */

/* Begin PBXGroup section */
		045FE4C21F5020A500CF04BC /* Tools */ = {
			isa = PBXGroup;
			children = (
				045FE4C31F5020CA00CF04BC /* ManagerConst.h */,
				045FE4C41F5020CA00CF04BC /* ManagerConst.m */,
			);
			path = Tools;
			sourceTree = "<group>";
		};
		04698D811F53F64C00D218ED /* DBModel */ = {
			isa = PBXGroup;
			children = (
				045FE4BF1F4FF88C00CF04BC /* DBModel.h */,
				045FE4C01F4FF88C00CF04BC /* DBModel.m */,
				47F9BB621F9F2400002E8155 /* testModel.h */,
				47F9BB631F9F2400002E8155 /* testModel.m */,
			);
			name = DBModel;
			sourceTree = "<group>";
		};
		04B146001F4EB63400EB65B2 = {
			isa = PBXGroup;
			children = (
				04B1460B1F4EB63400EB65B2 /* FMDB_Manager */,
				04B1460A1F4EB63400EB65B2 /* Products */,
				EF1F08D3AAC217B990CB0C50 /* Pods */,
				3AC5EF94291F4D84F431F421 /* Frameworks */,
			);
			sourceTree = "<group>";
		};
		04B1460A1F4EB63400EB65B2 /* Products */ = {
			isa = PBXGroup;
			children = (
				04B146091F4EB63400EB65B2 /* FMDB_Manager.app */,
			);
			name = Products;
			sourceTree = "<group>";
		};
		04B1460B1F4EB63400EB65B2 /* FMDB_Manager */ = {
			isa = PBXGroup;
			children = (
				04B146231F4EB70100EB65B2 /* FMDBManager */,
				04698D811F53F64C00D218ED /* DBModel */,
				04B1460F1F4EB63400EB65B2 /* AppDelegate.h */,
				04B146101F4EB63400EB65B2 /* AppDelegate.m */,
				04B146121F4EB63400EB65B2 /* ViewController.h */,
				04B146131F4EB63400EB65B2 /* ViewController.m */,
				04B146151F4EB63400EB65B2 /* Main.storyboard */,
				04B146181F4EB63400EB65B2 /* Assets.xcassets */,
				04B1461A1F4EB63400EB65B2 /* LaunchScreen.storyboard */,
				04B1461D1F4EB63400EB65B2 /* Info.plist */,
				04B1460C1F4EB63400EB65B2 /* Supporting Files */,
			);
			path = FMDB_Manager;
			sourceTree = "<group>";
		};
		04B1460C1F4EB63400EB65B2 /* Supporting Files */ = {
			isa = PBXGroup;
			children = (
				04B1460D1F4EB63400EB65B2 /* main.m */,
			);
			name = "Supporting Files";
			sourceTree = "<group>";
		};
		04B146231F4EB70100EB65B2 /* FMDBManager */ = {
			isa = PBXGroup;
			children = (
				04B146241F4EB71200EB65B2 /* FMDB_Manager.h */,
				04B146251F4EB71200EB65B2 /* FMDB_Manager.m */,
				045FE4C21F5020A500CF04BC /* Tools */,
			);
			path = FMDBManager;
			sourceTree = "<group>";
		};
		3AC5EF94291F4D84F431F421 /* Frameworks */ = {
			isa = PBXGroup;
			children = (
				47F269F11FA0360E003A3CB7 /* Messages.framework */,
				1CF3F02AB25C8DDC212D40B1 /* libPods-FMDB_Manager.a */,
			);
			name = Frameworks;
			sourceTree = "<group>";
		};
		EF1F08D3AAC217B990CB0C50 /* Pods */ = {
			isa = PBXGroup;
			children = (
				F121ED46419F0D46B04400EA /* Pods-FMDB_Manager.debug.xcconfig */,
				0417B883403632BBA1820D91 /* Pods-FMDB_Manager.release.xcconfig */,
			);
			name = Pods;
			sourceTree = "<group>";
		};
/* End PBXGroup section */

/* Begin PBXNativeTarget section */
		04B146081F4EB63400EB65B2 /* FMDB_Manager */ = {
			isa = PBXNativeTarget;
			buildConfigurationList = 04B146201F4EB63400EB65B2 /* Build configuration list for PBXNativeTarget "FMDB_Manager" */;
			buildPhases = (
				BEF9EE7B033A8410F2D23136 /* [CP] Check Pods Manifest.lock */,
				04B146051F4EB63400EB65B2 /* Sources */,
				04B146061F4EB63400EB65B2 /* Frameworks */,
				04B146071F4EB63400EB65B2 /* Resources */,
				C0610B7F018CBC753B4CC9C8 /* [CP] Embed Pods Frameworks */,
				6142674D4ABFCF10C70C8652 /* [CP] Copy Pods Resources */,
			);
			buildRules = (
			);
			dependencies = (
			);
			name = FMDB_Manager;
			productName = FMDB_Manager;
			productReference = 04B146091F4EB63400EB65B2 /* FMDB_Manager.app */;
			productType = "com.apple.product-type.application";
		};
/* End PBXNativeTarget section */

/* Begin PBXProject section */
		04B146011F4EB63400EB65B2 /* Project object */ = {
			isa = PBXProject;
			attributes = {
				LastUpgradeCheck = 0830;
				ORGANIZATIONNAME = kit;
				TargetAttributes = {
					04B146081F4EB63400EB65B2 = {
						CreatedOnToolsVersion = 8.3.2;
						DevelopmentTeam = LKCQBCAS97;
						ProvisioningStyle = Automatic;
					};
				};
			};
			buildConfigurationList = 04B146041F4EB63400EB65B2 /* Build configuration list for PBXProject "FMDB_Manager" */;
			compatibilityVersion = "Xcode 3.2";
			developmentRegion = English;
			hasScannedForEncodings = 0;
			knownRegions = (
				en,
				Base,
			);
			mainGroup = 04B146001F4EB63400EB65B2;
			productRefGroup = 04B1460A1F4EB63400EB65B2 /* Products */;
			projectDirPath = "";
			projectRoot = "";
			targets = (
				04B146081F4EB63400EB65B2 /* FMDB_Manager */,
			);
		};
/* End PBXProject section */

/* Begin PBXResourcesBuildPhase section */
		04B146071F4EB63400EB65B2 /* Resources */ = {
			isa = PBXResourcesBuildPhase;
			buildActionMask = 2147483647;
			files = (
				04B1461C1F4EB63400EB65B2 /* LaunchScreen.storyboard in Resources */,
				04B146191F4EB63400EB65B2 /* Assets.xcassets in Resources */,
				04B146171F4EB63400EB65B2 /* Main.storyboard in Resources */,
			);
			runOnlyForDeploymentPostprocessing = 0;
		};
/* End PBXResourcesBuildPhase section */

/* Begin PBXShellScriptBuildPhase section */
		6142674D4ABFCF10C70C8652 /* [CP] Copy Pods Resources */ = {
			isa = PBXShellScriptBuildPhase;
			buildActionMask = 2147483647;
			files = (
			);
			inputPaths = (
			);
			name = "[CP] Copy Pods Resources";
			outputPaths = (
			);
			runOnlyForDeploymentPostprocessing = 0;
			shellPath = /bin/sh;
			shellScript = "\"${SRCROOT}/Pods/Target Support Files/Pods-FMDB_Manager/Pods-FMDB_Manager-resources.sh\"\n";
			showEnvVarsInLog = 0;
		};
		BEF9EE7B033A8410F2D23136 /* [CP] Check Pods Manifest.lock */ = {
			isa = PBXShellScriptBuildPhase;
			buildActionMask = 2147483647;
			files = (
			);
			inputPaths = (
				"${PODS_PODFILE_DIR_PATH}/Podfile.lock",
				"${PODS_ROOT}/Manifest.lock",
			);
			name = "[CP] Check Pods Manifest.lock";
			outputPaths = (
				"$(DERIVED_FILE_DIR)/Pods-FMDB_Manager-checkManifestLockResult.txt",
			);
			runOnlyForDeploymentPostprocessing = 0;
			shellPath = /bin/sh;
			shellScript = "diff \"${PODS_PODFILE_DIR_PATH}/Podfile.lock\" \"${PODS_ROOT}/Manifest.lock\" > /dev/null\nif [ $? != 0 ] ; then\n    # print error to STDERR\n    echo \"error: The sandbox is not in sync with the Podfile.lock. Run 'pod install' or update your CocoaPods installation.\" >&2\n    exit 1\nfi\n# This output is used by Xcode 'outputs' to avoid re-running this script phase.\necho \"SUCCESS\" > \"${SCRIPT_OUTPUT_FILE_0}\"\n";
			showEnvVarsInLog = 0;
		};
		C0610B7F018CBC753B4CC9C8 /* [CP] Embed Pods Frameworks */ = {
			isa = PBXShellScriptBuildPhase;
			buildActionMask = 2147483647;
			files = (
			);
			inputPaths = (
			);
			name = "[CP] Embed Pods Frameworks";
			outputPaths = (
			);
			runOnlyForDeploymentPostprocessing = 0;
			shellPath = /bin/sh;
			shellScript = "\"${SRCROOT}/Pods/Target Support Files/Pods-FMDB_Manager/Pods-FMDB_Manager-frameworks.sh\"\n";
			showEnvVarsInLog = 0;
		};
/* End PBXShellScriptBuildPhase section */

/* Begin PBXSourcesBuildPhase section */
		04B146051F4EB63400EB65B2 /* Sources */ = {
			isa = PBXSourcesBuildPhase;
			buildActionMask = 2147483647;
			files = (
				04B146261F4EB71200EB65B2 /* FMDB_Manager.m in Sources */,
				47F9BB641F9F2400002E8155 /* testModel.m in Sources */,
				045FE4C11F4FF88C00CF04BC /* DBModel.m in Sources */,
				04B146141F4EB63400EB65B2 /* ViewController.m in Sources */,
				04B146111F4EB63400EB65B2 /* AppDelegate.m in Sources */,
				04B1460E1F4EB63400EB65B2 /* main.m in Sources */,
				045FE4C51F5020CA00CF04BC /* ManagerConst.m in Sources */,
			);
			runOnlyForDeploymentPostprocessing = 0;
		};
/* End PBXSourcesBuildPhase section */

/* Begin PBXVariantGroup section */
		04B146151F4EB63400EB65B2 /* Main.storyboard */ = {
			isa = PBXVariantGroup;
			children = (
				04B146161F4EB63400EB65B2 /* Base */,
			);
			name = Main.storyboard;
			sourceTree = "<group>";
		};
		04B1461A1F4EB63400EB65B2 /* LaunchScreen.storyboard */ = {
			isa = PBXVariantGroup;
			children = (
				04B1461B1F4EB63400EB65B2 /* Base */,
			);
			name = LaunchScreen.storyboard;
			sourceTree = "<group>";
		};
/* End PBXVariantGroup section */

/* Begin XCBuildConfiguration section */
		04B1461E1F4EB63400EB65B2 /* Debug */ = {
			isa = XCBuildConfiguration;
			buildSettings = {
				ALWAYS_SEARCH_USER_PATHS = NO;
				CLANG_ANALYZER_NONNULL = YES;
				CLANG_ANALYZER_NUMBER_OBJECT_CONVERSION = YES_AGGRESSIVE;
				CLANG_CXX_LANGUAGE_STANDARD = "gnu++0x";
				CLANG_CXX_LIBRARY = "libc++";
				CLANG_ENABLE_MODULES = YES;
				CLANG_ENABLE_OBJC_ARC = YES;
				CLANG_WARN_BOOL_CONVERSION = YES;
				CLANG_WARN_CONSTANT_CONVERSION = YES;
				CLANG_WARN_DIRECT_OBJC_ISA_USAGE = YES_ERROR;
				CLANG_WARN_DOCUMENTATION_COMMENTS = YES;
				CLANG_WARN_EMPTY_BODY = YES;
				CLANG_WARN_ENUM_CONVERSION = YES;
				CLANG_WARN_INFINITE_RECURSION = YES;
				CLANG_WARN_INT_CONVERSION = YES;
				CLANG_WARN_OBJC_ROOT_CLASS = YES_ERROR;
				CLANG_WARN_SUSPICIOUS_MOVE = YES;
				CLANG_WARN_UNREACHABLE_CODE = YES;
				CLANG_WARN__DUPLICATE_METHOD_MATCH = YES;
				"CODE_SIGN_IDENTITY[sdk=iphoneos*]" = "iPhone Developer";
				COPY_PHASE_STRIP = NO;
				DEBUG_INFORMATION_FORMAT = dwarf;
				ENABLE_STRICT_OBJC_MSGSEND = YES;
				ENABLE_TESTABILITY = YES;
				GCC_C_LANGUAGE_STANDARD = gnu99;
				GCC_DYNAMIC_NO_PIC = NO;
				GCC_NO_COMMON_BLOCKS = YES;
				GCC_OPTIMIZATION_LEVEL = 0;
				GCC_PREPROCESSOR_DEFINITIONS = (
					"DEBUG=1",
					"$(inherited)",
				);
				GCC_WARN_64_TO_32_BIT_CONVERSION = YES;
				GCC_WARN_ABOUT_RETURN_TYPE = YES_ERROR;
				GCC_WARN_UNDECLARED_SELECTOR = YES;
				GCC_WARN_UNINITIALIZED_AUTOS = YES_AGGRESSIVE;
				GCC_WARN_UNUSED_FUNCTION = YES;
				GCC_WARN_UNUSED_VARIABLE = YES;
				IPHONEOS_DEPLOYMENT_TARGET = 10.3;
				MTL_ENABLE_DEBUG_INFO = YES;
				ONLY_ACTIVE_ARCH = YES;
				SDKROOT = iphoneos;
			};
			name = Debug;
		};
		04B1461F1F4EB63400EB65B2 /* Release */ = {
			isa = XCBuildConfiguration;
			buildSettings = {
				ALWAYS_SEARCH_USER_PATHS = NO;
				CLANG_ANALYZER_NONNULL = YES;
				CLANG_ANALYZER_NUMBER_OBJECT_CONVERSION = YES_AGGRESSIVE;
				CLANG_CXX_LANGUAGE_STANDARD = "gnu++0x";
				CLANG_CXX_LIBRARY = "libc++";
				CLANG_ENABLE_MODULES = YES;
				CLANG_ENABLE_OBJC_ARC = YES;
				CLANG_WARN_BOOL_CONVERSION = YES;
				CLANG_WARN_CONSTANT_CONVERSION = YES;
				CLANG_WARN_DIRECT_OBJC_ISA_USAGE = YES_ERROR;
				CLANG_WARN_DOCUMENTATION_COMMENTS = YES;
				CLANG_WARN_EMPTY_BODY = YES;
				CLANG_WARN_ENUM_CONVERSION = YES;
				CLANG_WARN_INFINITE_RECURSION = YES;
				CLANG_WARN_INT_CONVERSION = YES;
				CLANG_WARN_OBJC_ROOT_CLASS = YES_ERROR;
				CLANG_WARN_SUSPICIOUS_MOVE = YES;
				CLANG_WARN_UNREACHABLE_CODE = YES;
				CLANG_WARN__DUPLICATE_METHOD_MATCH = YES;
				"CODE_SIGN_IDENTITY[sdk=iphoneos*]" = "iPhone Developer";
				COPY_PHASE_STRIP = NO;
				DEBUG_INFORMATION_FORMAT = "dwarf-with-dsym";
				ENABLE_NS_ASSERTIONS = NO;
				ENABLE_STRICT_OBJC_MSGSEND = YES;
				GCC_C_LANGUAGE_STANDARD = gnu99;
				GCC_NO_COMMON_BLOCKS = YES;
				GCC_WARN_64_TO_32_BIT_CONVERSION = YES;
				GCC_WARN_ABOUT_RETURN_TYPE = YES_ERROR;
				GCC_WARN_UNDECLARED_SELECTOR = YES;
				GCC_WARN_UNINITIALIZED_AUTOS = YES_AGGRESSIVE;
				GCC_WARN_UNUSED_FUNCTION = YES;
				GCC_WARN_UNUSED_VARIABLE = YES;
				IPHONEOS_DEPLOYMENT_TARGET = 10.3;
				MTL_ENABLE_DEBUG_INFO = NO;
				SDKROOT = iphoneos;
				VALIDATE_PRODUCT = YES;
			};
			name = Release;
		};
		04B146211F4EB63400EB65B2 /* Debug */ = {
			isa = XCBuildConfiguration;
			baseConfigurationReference = F121ED46419F0D46B04400EA /* Pods-FMDB_Manager.debug.xcconfig */;
			buildSettings = {
				ASSETCATALOG_COMPILER_APPICON_NAME = AppIcon;
				DEVELOPMENT_TEAM = LKCQBCAS97;
				INFOPLIST_FILE = FMDB_Manager/Info.plist;
				LD_RUNPATH_SEARCH_PATHS = "$(inherited) @executable_path/Frameworks";
				PRODUCT_BUNDLE_IDENTIFIER = "kit.FMDB-Manager";
				PRODUCT_NAME = "$(TARGET_NAME)";
			};
			name = Debug;
		};
		04B146221F4EB63400EB65B2 /* Release */ = {
			isa = XCBuildConfiguration;
			baseConfigurationReference = 0417B883403632BBA1820D91 /* Pods-FMDB_Manager.release.xcconfig */;
			buildSettings = {
				ASSETCATALOG_COMPILER_APPICON_NAME = AppIcon;
				DEVELOPMENT_TEAM = LKCQBCAS97;
				INFOPLIST_FILE = FMDB_Manager/Info.plist;
				LD_RUNPATH_SEARCH_PATHS = "$(inherited) @executable_path/Frameworks";
				PRODUCT_BUNDLE_IDENTIFIER = "kit.FMDB-Manager";
				PRODUCT_NAME = "$(TARGET_NAME)";
			};
			name = Release;
		};
/* End XCBuildConfiguration section */

/* Begin XCConfigurationList section */
		04B146041F4EB63400EB65B2 /* Build configuration list for PBXProject "FMDB_Manager" */ = {
			isa = XCConfigurationList;
			buildConfigurations = (
				04B1461E1F4EB63400EB65B2 /* Debug */,
				04B1461F1F4EB63400EB65B2 /* Release */,
			);
			defaultConfigurationIsVisible = 0;
			defaultConfigurationName = Release;
		};
		04B146201F4EB63400EB65B2 /* Build configuration list for PBXNativeTarget "FMDB_Manager" */ = {
			isa = XCConfigurationList;
			buildConfigurations = (
				04B146211F4EB63400EB65B2 /* Debug */,
				04B146221F4EB63400EB65B2 /* Release */,
			);
			defaultConfigurationIsVisible = 0;
			defaultConfigurationName = Release;
		};
/* End XCConfigurationList section */
	};
	rootObject = 04B146011F4EB63400EB65B2 /* Project object */;
}
